
Microsoft Visual Studio Solution File, Format Version 12.00
# Visual Studio Version 16
VisualStudioVersion = 16.0.34931.43
MinimumVisualStudioVersion = 10.0.40219.1
Project("{FAE04EC0-301F-11D3-BF4B-00C04F79EFBC}") = "ExceptionHandeling", "ExceptionHandeling\ExceptionHandeling.csproj", "{849F51D5-843C-4CAF-A22A-DCED42849401}"
EndProject
Global
	GlobalSection(SolutionConfigurationPlatforms) = preSolution
		Debug|Any CPU = Debug|Any CPU
		Release|Any CPU = Release|Any CPU
	EndGlobalSection
	GlobalSection(ProjectConfigurationPlatforms) = postSolution
		{849F51D5-843C-4CAF-A22A-DCED42849401}.Debug|Any CPU.ActiveCfg = Debug|Any CPU
		{849F51D5-843C-4CAF-A22A-DCED42849401}.Debug|Any CPU.Build.0 = Debug|Any CPU
		{849F51D5-843C-4CAF-A22A-DCED42849401}.Release|Any CPU.ActiveCfg = Release|Any CPU
		{849F51D5-843C-4CAF-A22A-DCED42849401}.Release|Any CPU.Build.0 = Release|Any CPU
	EndGlobalSection
	GlobalSection(SolutionProperties) = preSolution
		HideSolutionNode = FALSE
	EndGlobalSection
	GlobalSection(ExtensibilityGlobals) = postSolution
		SolutionGuid = {D8CE1248-61EA-4D2D-B2FE-21223F51C38A}
	EndGlobalSection
EndGlobal
