
Microsoft Visual Studio Solution File, Format Version 12.00
# Visual Studio Version 16
VisualStudioVersion = 16.0.34931.43
MinimumVisualStudioVersion = 10.0.40219.1
Project("{FAE04EC0-301F-11D3-BF4B-00C04F79EFBC}") = "Inherit_Class", "Inherit_Class\Inherit_Class.csproj", "{A24F66C4-46D3-46B5-91AE-1B7FAB106658}"
EndProject
Global
	GlobalSection(SolutionConfigurationPlatforms) = preSolution
		Debug|Any CPU = Debug|Any CPU
		Release|Any CPU = Release|Any CPU
	EndGlobalSection
	GlobalSection(ProjectConfigurationPlatforms) = postSolution
		{A24F66C4-46D3-46B5-91AE-1B7FAB106658}.Debug|Any CPU.ActiveCfg = Debug|Any CPU
		{A24F66C4-46D3-46B5-91AE-1B7FAB106658}.Debug|Any CPU.Build.0 = Debug|Any CPU
		{A24F66C4-46D3-46B5-91AE-1B7FAB106658}.Release|Any CPU.ActiveCfg = Release|Any CPU
		{A24F66C4-46D3-46B5-91AE-1B7FAB106658}.Release|Any CPU.Build.0 = Release|Any CPU
	EndGlobalSection
	GlobalSection(SolutionProperties) = preSolution
		HideSolutionNode = FALSE
	EndGlobalSection
	GlobalSection(ExtensibilityGlobals) = postSolution
		SolutionGuid = {76D2CEC6-74A6-43F1-AE89-E99B7C5A04ED}
	EndGlobalSection
EndGlobal
