
Microsoft Visual Studio Solution File, Format Version 12.00
# Visual Studio Version 16
VisualStudioVersion = 16.0.34931.43
MinimumVisualStudioVersion = 10.0.40219.1
Project("{FAE04EC0-301F-11D3-BF4B-00C04F79EFBC}") = "Get_Shipping_Quote", "Get_Shipping_Quote\Get_Shipping_Quote.csproj", "{8AD77F41-C5E2-49D6-8D6B-05BC91AD6495}"
EndProject
Global
	GlobalSection(SolutionConfigurationPlatforms) = preSolution
		Debug|Any CPU = Debug|Any CPU
		Release|Any CPU = Release|Any CPU
	EndGlobalSection
	GlobalSection(ProjectConfigurationPlatforms) = postSolution
		{8AD77F41-C5E2-49D6-8D6B-05BC91AD6495}.Debug|Any CPU.ActiveCfg = Debug|Any CPU
		{8AD77F41-C5E2-49D6-8D6B-05BC91AD6495}.Debug|Any CPU.Build.0 = Debug|Any CPU
		{8AD77F41-C5E2-49D6-8D6B-05BC91AD6495}.Release|Any CPU.ActiveCfg = Release|Any CPU
		{8AD77F41-C5E2-49D6-8D6B-05BC91AD6495}.Release|Any CPU.Build.0 = Release|Any CPU
	EndGlobalSection
	GlobalSection(SolutionProperties) = preSolution
		HideSolutionNode = FALSE
	EndGlobalSection
	GlobalSection(ExtensibilityGlobals) = postSolution
		SolutionGuid = {41073800-3464-4902-8C5C-75D4B70D6B92}
	EndGlobalSection
EndGlobal
