
Microsoft Visual Studio Solution File, Format Version 12.00
# Visual Studio Version 16
VisualStudioVersion = 16.0.34931.43
MinimumVisualStudioVersion = 10.0.40219.1
Project("{FAE04EC0-301F-11D3-BF4B-00C04F79EFBC}") = "Functions_Math", "Functions_Math\Functions_Math.csproj", "{6E01D6E9-B95E-4EB6-A224-3429FFE2D332}"
EndProject
Global
	GlobalSection(SolutionConfigurationPlatforms) = preSolution
		Debug|Any CPU = Debug|Any CPU
		Release|Any CPU = Release|Any CPU
	EndGlobalSection
	GlobalSection(ProjectConfigurationPlatforms) = postSolution
		{6E01D6E9-B95E-4EB6-A224-3429FFE2D332}.Debug|Any CPU.ActiveCfg = Debug|Any CPU
		{6E01D6E9-B95E-4EB6-A224-3429FFE2D332}.Debug|Any CPU.Build.0 = Debug|Any CPU
		{6E01D6E9-B95E-4EB6-A224-3429FFE2D332}.Release|Any CPU.ActiveCfg = Release|Any CPU
		{6E01D6E9-B95E-4EB6-A224-3429FFE2D332}.Release|Any CPU.Build.0 = Release|Any CPU
	EndGlobalSection
	GlobalSection(SolutionProperties) = preSolution
		HideSolutionNode = FALSE
	EndGlobalSection
	GlobalSection(ExtensibilityGlobals) = postSolution
		SolutionGuid = {D9E1C59B-8EE6-49C5-89D3-27A86F6DFC45}
	EndGlobalSection
EndGlobal
